{
  "version": 4,
  "terraform_version": "1.6.3",
  "serial": 4,
  "lineage": "a431c98f-9ad4-59b2-9257-c11b5e9d9f35",
  "outputs": {},
  "resources": [
    {
      "mode": "managed",
      "type": "local_file",
      "name": "exemplo",
      "provider": "provider[\"registry.terraform.io/hashicorp/local\"]",
      "instances": [
        {
          "schema_version": 0,
          "attributes": {
            "content": "Hello world!\n",
            "content_base64": null,
            "content_base64sha256": "C6kE6uh3O3DHUzPbTeLzrEWorU3bobJC8LPPwZk5Hdg=",
            "content_base64sha512": "MsB6Czo/0N2PKAIbTuocGdhx9FhjFrOUEk88mfto5ZV54FA5w72aq5hBIU8cEy92ZuuIAPFL6Lmwkafboyv+bw==",
            "content_md5": "59ca0efa9f5633cb0371bbc0355478d8",
            "content_sha1": "47a013e660d408619d894b20806b1d5086aab03b",
            "content_sha256": "0ba904eae8773b70c75333db4de2f3ac45a8ad4ddba1b242f0b3cfc199391dd8",
            "content_sha512": "32c07a0b3a3fd0dd8f28021b4eea1c19d871f4586316b394124f3c99fb68e59579e05039c3bd9aab9841214f1c132f7666eb8800f14be8b9b091a7dba32bfe6f",
            "directory_permission": "0777",
            "file_permission": "0777",
            "filename": "exemplo.txt",
            "id": "47a013e660d408619d894b20806b1d5086aab03b",
            "sensitive_content": null,
            "source": null
          },
          "sensitive_attributes": []
        }
      ]
    }
  ],
  "check_results": null
}
