{
  "version": 4,
  "terraform_version": "1.6.3",
  "serial": 16,
  "lineage": "a431c98f-9ad4-59b2-9257-c11b5e9d9f35",
  "outputs": {},
  "resources": [
    {
      "mode": "managed",
      "type": "local_file",
      "name": "exemplo",
      "provider": "provider[\"registry.terraform.io/hashicorp/local\"]",
      "instances": [
        {
          "schema_version": 0,
          "attributes": {
            "content": "Default string",
            "content_base64": null,
            "content_base64sha256": "SHV4o2hKMI/KYxn5kMPxjbFi78/pe6jkQYZPAd62jUI=",
            "content_base64sha512": "K2wid2+WIvKBigThRCwf4TReKaFV4APtf18wr//JNeV7yhVWRksiOBU49K/sF9SobuwRDX67HpLu6JctFeSBjQ==",
            "content_md5": "bccd9543209ebfbc7fe9dce45455abd7",
            "content_sha1": "63577f19988b8050b2cbe73e56e3cf8b7a4b30f8",
            "content_sha256": "487578a3684a308fca6319f990c3f18db162efcfe97ba8e441864f01deb68d42",
            "content_sha512": "2b6c22776f9622f2818a04e1442c1fe1345e29a155e003ed7f5f30afffc935e57bca1556464b22381538f4afec17d4a86eec110d7ebb1e92eee8972d15e4818d",
            "directory_permission": "0777",
            "file_permission": "0777",
            "filename": "exemplo.txt",
            "id": "63577f19988b8050b2cbe73e56e3cf8b7a4b30f8",
            "sensitive_content": null,
            "source": null
          },
          "sensitive_attributes": []
        }
      ]
    }
  ],
  "check_results": null
}
