{
  "version": 4,
  "terraform_version": "1.6.3",
  "serial": 19,
  "lineage": "a431c98f-9ad4-59b2-9257-c11b5e9d9f35",
  "outputs": {},
  "resources": [
    {
      "mode": "managed",
      "type": "local_file",
      "name": "exemplo",
      "provider": "provider[\"registry.terraform.io/hashicorp/local\"]",
      "instances": [
        {
          "schema_version": 0,
          "attributes": {
            "content": "isso veio de flag\\n",
            "content_base64": null,
            "content_base64sha256": "/+J90q/yBxpqFtORkwIT00zmvuECxSp2cG46K0q66es=",
            "content_base64sha512": "ej+RAB0oZ54OL5ffhNDPVjALGIAYoIAxb8UWDG6G/cW9qS2J3CKOceByKa3eG9wcmbWErG8y11MXyHSBDWsozg==",
            "content_md5": "72a7ebdd57e0bcf9f682d8558b0febe3",
            "content_sha1": "5af01fc754807809ce753c160d0cb83aa16b2f43",
            "content_sha256": "ffe27dd2aff2071a6a16d391930213d34ce6bee102c52a76706e3a2b4abae9eb",
            "content_sha512": "7a3f91001d28679e0e2f97df84d0cf56300b188018a080316fc5160c6e86fdc5bda92d89dc228e71e07229adde1bdc1c99b584ac6f32d75317c874810d6b28ce",
            "directory_permission": "0777",
            "file_permission": "0777",
            "filename": "exemplo.txt",
            "id": "5af01fc754807809ce753c160d0cb83aa16b2f43",
            "sensitive_content": null,
            "source": null
          },
          "sensitive_attributes": []
        }
      ]
    }
  ],
  "check_results": null
}
