{
  "version": 4,
  "terraform_version": "1.6.3",
  "serial": 1,
  "lineage": "a431c98f-9ad4-59b2-9257-c11b5e9d9f35",
  "outputs": {},
  "resources": [
    {
      "mode": "managed",
      "type": "local_file",
      "name": "exemplo",
      "provider": "provider[\"registry.terraform.io/hashicorp/local\"]",
      "instances": [
        {
          "schema_version": 0,
          "attributes": {
            "content": "Hello world!",
            "content_base64": null,
            "content_base64sha256": "wFNeS+K3n/2TKRMFQ2v4iTFOSj+uwF7P/Lt98xrZ5Ro=",
            "content_base64sha512": "9s3ioPgZMUzd5V/CJ9jX2uPSjMVWIioKitZtkcytSq1glPUXohgjYMmqz2o9wyMWLLb9jN/+2w/gOPVehf+1tg==",
            "content_md5": "86fb269d190d2c85f6e0468ceca42a20",
            "content_sha1": "d3486ae9136e7856bc42212385ea797094475802",
            "content_sha256": "c0535e4be2b79ffd93291305436bf889314e4a3faec05ecffcbb7df31ad9e51a",
            "content_sha512": "f6cde2a0f819314cdde55fc227d8d7dae3d28cc556222a0a8ad66d91ccad4aad6094f517a2182360c9aacf6a3dc323162cb6fd8cdffedb0fe038f55e85ffb5b6",
            "directory_permission": "0777",
            "file_permission": "0777",
            "filename": "exemplo.txt",
            "id": "d3486ae9136e7856bc42212385ea797094475802",
            "sensitive_content": null,
            "source": null
          },
          "sensitive_attributes": []
        }
      ]
    }
  ],
  "check_results": null
}
